#MicroXplorer Configuration settings - do not modify
SPI6.Mode=SPI_MODE_MASTER
PD7.Mode=Full_Duplex_Master
PK5.Locked=true
PK5.Signal=GPIO_Output
Dma.SAI1_A.1.SignalID=NONE
SAI1.VirtualMode-SAI_A_AsyncSlave=VM_SLAVE
VP_TIM17_VS_ClockSourceINT.Mode=Enable_Timer
PH12.Signal=I2C4_SDA
SAI1.ClockStrobing-SAI_B_SyncSlave=SAI_CLOCKSTROBING_FALLINGEDGE
TIM4.Channel-Input_Capture3_from_TI3=TIM_CHANNEL_3
SPI1.VirtualType=VM_MASTER
SPI2.VirtualType=VM_MASTER
PK0.Mode=Full_Duplex_Master
TIM1.IPParameters=TIM_MasterOutputTrigger,Prescaler,Period
Dma.SAI1_B.0.MemInc=DMA_MINC_ENABLE
Dma.SAI1_A.1.SyncSignalID=NONE
PI15.Locked=true
RCC.PLLFRACN=0
PJ3.GPIOParameters=GPIO_Label
VP_RTC_VS_RTC_Activate.Mode=RTC_Enabled
RCC.RTCFreq_Value=32000
PJ6.GPIO_Label=SEGG
Dma.SAI1_A.1.Mode=DMA_CIRCULAR
PA15\ (JTDI).Signal=DEBUG_JTDI
RCC.CpuClockFreq_Value=480000000
SAI1.FSOffset-SAI_A_AsyncSlave=SAI_FS_FIRSTBIT
Dma.SAI1_A.1.MemDataAlignment=DMA_MDATAALIGN_HALFWORD
PG13.Signal=SPI6_SCK
PG6.Mode=Output_TE1TE2
PJ2.GPIOParameters=GPIO_Label
PinOutPanel.RotationAngle=0
RCC.MCO1PinFreq_Value=64000000
RCC.SYSCLKSource=RCC_SYSCLKSOURCE_PLLCLK
PJ10.Signal=SPI5_MOSI
RCC.AHB4Freq_Value=240000000
RCC.LPTIM1Freq_Value=120000000
NVIC.SVCall_IRQn=true\:0\:0\:false\:false\:true\:false\:false
PA14\ (JTCK/SWCLK).Signal=DEBUG_JTCK-SWCLK
PA15\ (JTDI).Mode=JTAG_5_pins
PJ13.GPIO_Label=BTN2
PH5.Signal=I2C2_SDA
PF7.Signal=UART7_TX
SH.S_TIM14_CH1.0=TIM14_CH1,PWM Generation1 CH1
I2C4.Timing=0x307075B1
SPI1.Direction=SPI_DIRECTION_2LINES
Dma.SAI1_A.1.Instance=DMA1_Stream1
RCC.I2C4Freq_Value=120000000
TIM2.IPParameters=Channel-Input_Capture3_from_TI3,Channel-Input_Capture1_from_TI1,Channel-PWM Generation4 CH4
PD4.Signal=HRTIM_FLT3
PB6.Signal=I2C4_SCL
TIM2.Channel-Input_Capture3_from_TI3=TIM_CHANNEL_3
PC7.Signal=HRTIM_CHA2
PB6.Mode=I2C
RCC.DIVQ3Freq_Value=32250000
SPI1.CalculateBaudRate=15.0 MBits/s
PE5.Signal=SAI1_SCK_A
Dma.SAI1_A.1.FIFOMode=DMA_FIFOMODE_DISABLE
PE1.Signal=HRTIM_SCOUT
PI3.Mode=Full_Duplex_Master
SH.ADCx_INN1.0=ADC2_INN1
SH.ADCx_INN1.1=ADC1_INN1
Dma.SAI1_A.1.MemInc=DMA_MINC_ENABLE
ProjectManager.ProjectBuild=false
PJ14.Locked=true
NVIC.UsageFault_IRQn=true\:0\:0\:false\:false\:true\:false\:false
PJ12.GPIOParameters=GPIO_Label
PB2.Signal=SAI1_SD_A
RCC.DIVM2=1
RCC.DIVM1=1
PG14.Mode=Full_Duplex_Master
ProjectManager.FirmwarePackage=STM32Cube FW_H7 V1.8.0
MxDb.Version=DB.6.0.0
Dma.SAI1_B.0.PeriphInc=DMA_PINC_DISABLE
PI7.Locked=true
ProjectManager.BackupPrevious=false
RCC.FMCFreq_Value=240000000
SH.S_TIM12_CH1.0=TIM12_CH1,PWM_Input_1
SAI1.SlotNumber-SAI_A_AsyncSlave=2
PJ1.GPIOParameters=GPIO_Label
PI6.Signal=S_TIM8_CH2
PI3.Signal=SPI2_MOSI
RCC.USART16Freq_Value=120000000
SPI2.CalculateBaudRate=15.0 MBits/s
SH.S_TIM4_CH2.0=TIM4_CH2,Encoder_Interface
PE2.Signal=GPIO_Output
PF8.Mode=Full_Duplex_Master
PA14\ (JTCK/SWCLK).Mode=JTAG_5_pins
SPI1.VirtualNSS=VM_NSSHARD
NVIC.PendSV_IRQn=true\:0\:0\:false\:false\:true\:false\:false
SH.S_TIM5_CH2.ConfNb=1
RCC.DIVR2Freq_Value=75000000
ProjectManager.HalAssertFull=false
SH.S_TIM8_CH1.ConfNb=1
VP_TIM1_VS_ClockSourceINT.Mode=Internal
RCC.DIVP2Freq_Value=150000000
PA0.Signal=S_TIM2_CH1
PJ14.Signal=GPIO_Output
RCC.MCO2PinFreq_Value=480000000
Mcu.Package=TFBGA240
PB9.Signal=UART4_TX
PH12.Mode=I2C
SAI1.SlotActive-SAI_B_SyncSlave=0x0000FFFF
SPI2.Mode=SPI_MODE_MASTER
PD11.Locked=true
PJ5.GPIOParameters=GPIO_Label
Dma.SAI1_A.1.Direction=DMA_PERIPH_TO_MEMORY
PD12.Signal=S_TIM4_CH1
VP_SYS_VS_Systick.Signal=SYS_VS_Systick
SAI1.FSPolarity-SAI_B_SyncSlave=SAI_FS_ACTIVE_HIGH
PJ4.Signal=GPIO_Output
PJ3.Locked=true
RCC.DFSDMFreq_Value=120000000
SPI5.CalculateBaudRate=60.0 MBits/s
PC14-OSC32_IN\ (OSC32_IN).Mode=LSE-External-Oscillator
Dma.SAI1_B.0.FIFOMode=DMA_FIFOMODE_DISABLE
RCC.TraceFreq_Value=480000000
SH.S_TIM4_CH1.0=TIM4_CH1,Encoder_Interface
PD4.Mode=Fault_Enable3
RCC.APB4Freq_Value=120000000
RCC.CECFreq_Value=32000
RCC.SAI23Freq_Value=480000000
RCC.FDCANCLockSelection=RCC_FDCANCLKSOURCE_PLL2
NVIC.BusFault_IRQn=true\:0\:0\:false\:false\:true\:false\:false
RCC.LPUART1Freq_Value=120000000
TIM1.Period=10-1
PJ13.GPIOParameters=GPIO_Label
VP_TIM14_VS_ClockSourceINT.Mode=Enable_Timer
SH.S_TIM2_CH4.ConfNb=1
PH8.Mode=I2C
TIM14.IPParameters=Channel
PJ0.Locked=true
PH0-OSC_IN\ (PH0).Mode=HSE-External-Oscillator
SPI5.VirtualType=VM_MASTER
ProjectManager.CustomerFirmwarePackage=
PJ1.GPIO_Label=SEGB
RCC.VCO3OutputFreq_Value=64500000
PG12.Signal=SPI6_MISO
Mcu.Pin80=PD11
SH.S_TIM4_CH1.ConfNb=1
Mcu.Pin81=PD12
PK4.Signal=GPIO_Output
PH15.Signal=GPIO_Output
Dma.SAI1_B.0.PeriphDataAlignment=DMA_PDATAALIGN_HALFWORD
ProjectManager.ProjectFileName=example_WM8731.ioc
SAI1.DataSize-SAI_B_SyncSlave=SAI_DATASIZE_16
Mcu.Pin79=PH12
PA0_C.Locked=true
PI10.Locked=true
Mcu.PinsNb=101
Mcu.Pin73=PB10
Mcu.Pin74=PH10
Mcu.Pin71=PI15
Mcu.Pin72=PJ1
PC13.Locked=true
Mcu.Pin77=PB2
Mcu.Pin78=PJ5
PG9.Signal=SPI1_MISO
Mcu.Pin75=PH11
PC13.Signal=GPIO_Input
PG3.Locked=true
Mcu.Pin76=PA6
RCC.SWPMI1Freq_Value=120000000
PD3.Signal=GPIO_Output
PE1.Mode=SCOUTmode
Mcu.Pin70=PH5
PG9.Mode=Full_Duplex_Master
PC6.Signal=HRTIM_CHA1
PD7.Signal=SPI1_MOSI
PI12.Signal=GPIO_Output
RCC.DIVP2=1
VP_TIM16_VS_ClockSourceINT.Mode=Enable_Timer
Mcu.Pin68=PJ6
Mcu.Pin69=PH4
Dma.SAI1_B.0.SignalID=NONE
PK2.Locked=true
RCC.QSPIFreq_Value=240000000
Mcu.Pin62=PF9
Mcu.Pin63=PJ10
VP_TIM17_VS_ClockSourceINT.Signal=TIM17_VS_ClockSourceINT
Mcu.Pin60=PF7
Mcu.Pin61=PF8
PI2.Mode=Full_Duplex_Master
Mcu.Pin66=PJ8
SH.S_TIM8_CH2.0=TIM8_CH2,Encoder_Interface
Mcu.Pin67=PJ7
Mcu.Pin64=PA0
Dma.SAI1_B.0.EventEnable=DISABLE
Mcu.Pin65=PJ0
PG10.Signal=SPI1_NSS
VP_TIM6_VS_ClockSourceINT.Signal=TIM6_VS_ClockSourceINT
RCC.D1CPREFreq_Value=480000000
Dma.SAI1_B.0.Priority=DMA_PRIORITY_LOW
Dma.SAI1_A.1.Polarity=HAL_DMAMUX_REQ_GEN_RISING
RCC.USART234578Freq_Value=120000000
PJ7.Signal=GPIO_Output
PJ3.Signal=GPIO_Output
RCC.Tim1OutputFreq_Value=240000000
Mcu.Pin59=PF6
SPI6.CalculateBaudRate=60.0 MBits/s
Mcu.Pin57=PH0-OSC_IN (PH0)
RCC.SPI123Freq_Value=480000000
PC15-OSC32_OUT\ (OSC32_OUT).Locked=true
Mcu.Pin58=PK0
TIM4.IPParameters=EncoderMode,Channel-Input_Capture3_from_TI3
Mcu.Pin51=PI12
Mcu.Pin52=PI13
Mcu.Pin50=PG6
PC6.Mode=Output_TA1TA2
Mcu.Pin55=PK2
Mcu.Pin56=PH1-OSC_OUT (PH1)
Mcu.Pin53=PI14
Mcu.Pin54=PG3
VP_TIM1_VS_ClockSourceINT.Signal=TIM1_VS_ClockSourceINT
RCC.DIVN2=9
RCC.DIVN1=60
SH.ADCx_INP1.ConfNb=2
PI12.Locked=true
PD7.Locked=true
Mcu.Pin48=PC6
Mcu.Pin49=PG7
Mcu.Pin46=PI10
Mcu.Pin47=PC7
PB10.Signal=S_TIM2_CH3
PJ6.GPIOParameters=GPIO_Label
RCC.USBCLockSelection=RCC_USBCLKSOURCE_HSI48
Mcu.Pin40=PJ14
Mcu.Pin41=PJ12
SH.S_TIM8_CH1.0=TIM8_CH1,Encoder_Interface
Mcu.Pin44=PE6
Mcu.Pin45=PJ13
Mcu.Pin42=PC13
Mcu.Pin43=PI8
PJ4.GPIO_Label=SEGE
ProjectManager.LastFirmware=true
SH.S_TIM15_CH2.ConfNb=1
PH14.Mode=Asynchronous
PI7.Signal=GPIO_Output
SH.S_TIM12_CH1.ConfNb=1
TIM1.TIM_MasterOutputTrigger=TIM_TRGO_UPDATE
VP_TIM13_VS_ClockSourceINT.Mode=Enable_Timer
RCC.AHB12Freq_Value=240000000
TIM14.Channel=TIM_CHANNEL_1
Mcu.Pin37=PK7
Mcu.Pin38=PG14
SAI1.SlotNumber-SAI_B_SyncSlave=2
Mcu.Pin35=PB9
Mcu.Pin36=PB8
SPI1.Mode=SPI_MODE_MASTER
Mcu.Pin39=PG13
SAI1.TriState-SAI_A_AsyncSlave=SAI_OUTPUT_RELEASED
PI2.Signal=SPI2_MISO
PI1.Signal=SPI2_SCK
RCC.RNGFreq_Value=48000000
Mcu.Pin30=PI3
Mcu.Pin33=PE4
TIM3.IPParameters=Channel-PWM Generation1 CH1
Mcu.Pin34=PE3
Mcu.Pin31=PA13 (JTMS/SWDIO)
Mcu.Pin32=PE5
VP_TIM16_VS_ClockSourceINT.Signal=TIM16_VS_ClockSourceINT
NVIC.NonMaskableInt_IRQn=true\:0\:0\:false\:false\:true\:false\:false
SH.S_TIM2_CH3.ConfNb=1
Dma.SAI1_A.1.EventEnable=DISABLE
PB4\ (NJTRST).Mode=JTAG_5_pins
ProjectManager.FreePins=false
RCC.LPTIM2Freq_Value=120000000
PJ1.Locked=true
Mcu.Pin26=PK6
Mcu.Pin27=PK3
Mcu.Pin24=PE0
PH4.Mode=I2C
ProjectManager.UnderRoot=false
Mcu.Pin25=PB3 (JTDO/TRACESWO)
CORTEX_M7.IPParameters=CPU_ICache,CPU_DCache,MPU_Control
Mcu.Pin28=PG12
Mcu.Pin29=PD7
Mcu.Pin22=PC14-OSC32_IN (OSC32_IN)
Mcu.Pin23=PE2
Mcu.Pin20=PH14
Mcu.Pin21=PC15-OSC32_OUT (OSC32_OUT)
PJ0.GPIOParameters=GPIO_Label
NVIC.ForceEnableDMAVector=true
PD11.Signal=GPIO_Output
SAI1.AudioMode-SAI_A_AsyncSlave=SAI_MODESLAVE_RX
NVIC.MemoryManagement_IRQn=true\:0\:0\:false\:false\:true\:false\:false
Dma.SAI1_A.1.SyncRequestNumber=1
ProjectManager.CompilerOptimize=6
PG11.Mode=Full_Duplex_Master
PJ0.GPIO_Label=SEGA
PJ8.Signal=UART8_TX
PJ7.Locked=true
ProjectManager.HeapSize=0x200
Mcu.Pin15=PG11
NVIC.HardFault_IRQn=true\:0\:0\:false\:false\:true\:false\:false
Mcu.Pin16=PD3
Mcu.Pin13=PB4 (NJTRST)
Mcu.Pin14=PK4
PH6.Signal=S_TIM12_CH1
Mcu.Pin19=PH15
PF6.Mode=Asynchronous
SH.S_TIM3_CH1.ConfNb=1
RCC.LPTIM345Freq_Value=120000000
ProjectManager.ComputerToolchain=false
Mcu.Pin17=PA14 (JTCK/SWCLK)
PF9.Signal=S_TIM14_CH1
Mcu.Pin18=PI2
PJ10.Mode=Full_Duplex_Master
RCC.LTDCFreq_Value=32250000
NVIC.PriorityGroup=NVIC_PRIORITYGROUP_4
Mcu.Pin11=PE1
Mcu.Pin12=PB6
PB3\ (JTDO/TRACESWO).Mode=JTAG_5_pins
Mcu.Pin10=PI7
Dma.SAI1_A.1.Priority=DMA_PRIORITY_LOW
PE3.Signal=SAI1_SD_B
PE2.Locked=true
PJ7.GPIOParameters=GPIO_Label
Dma.SAI1_A.1.PeriphInc=DMA_PINC_DISABLE
RCC.HCLK3ClockFreq_Value=240000000
SPI5.IPParameters=VirtualType,Mode,Direction,CalculateBaudRate
PA13\ (JTMS/SWDIO).Signal=DEBUG_JTMS-SWDIO
SPI6.VirtualType=VM_MASTER
Mcu.Pin100=VP_TIM17_VS_ClockSourceINT
Mcu.Family=STM32H7
RCC.DIVQ2Freq_Value=75000000
PK7.Signal=GPIO_Output
ProjectManager.MainLocation=Src
PK7.Locked=true
I2C2.IPParameters=Timing
SH.S_TIM4_CH2.ConfNb=1
PK3.Signal=GPIO_Output
SPI2.VirtualNSS=VM_NSSHARD
RCC.SAI1Freq_Value=480000000
RCC.CortexFreq_Value=480000000
TIM2.Channel-Input_Capture1_from_TI1=TIM_CHANNEL_1
PG6.Signal=HRTIM_CHE1
ProjectManager.KeepUserCode=true
PH14.Signal=UART4_RX
Mcu.UserName=STM32H743XIHx
PH10.Signal=S_TIM5_CH1
RCC.HPRE=RCC_HCLK_DIV2
SAI1.FSPolarity-SAI_A_AsyncSlave=SAI_FS_ACTIVE_HIGH
Dma.SAI1_A.1.RequestParameters=Instance,Direction,PeriphInc,MemInc,PeriphDataAlignment,MemDataAlignment,Mode,Priority,FIFOMode,SignalID,Polarity,RequestNumber,SyncSignalID,SyncPolarity,SyncEnable,EventEnable,SyncRequestNumber
PH0-OSC_IN\ (PH0).Signal=RCC_OSC_IN
SAI1.FrameLength-SAI_A_AsyncSlave=32
PH0-OSC_IN\ (PH0).Locked=true
Dma.SAI1_B.0.SyncPolarity=HAL_DMAMUX_SYNC_NO_EVENT
PC15-OSC32_OUT\ (OSC32_OUT).Mode=LSE-External-Oscillator
SAI1.FrameLength-SAI_B_SyncSlave=32
TIM4.EncoderMode=TIM_ENCODERMODE_TI1
PA1_C.Signal=ADCx_INP1
Dma.SAI1_B.0.Polarity=HAL_DMAMUX_REQ_GEN_RISING
I2C2.Timing=0x307075B1
PI13.Locked=true
ProjectManager.functionlistsort=1-MX_GPIO_Init-GPIO-false-HAL-true,2-MX_DMA_Init-DMA-false-HAL-true,3-SystemClock_Config-RCC-false-HAL-false,4-MX_HRTIM_Init-HRTIM-false-HAL-true,5-MX_I2C2_Init-I2C2-false-HAL-true,6-MX_I2C3_Init-I2C3-false-HAL-true,7-MX_I2C4_Init-I2C4-false-HAL-true,8-MX_UART4_Init-UART4-false-HAL-true,9-MX_UART7_Init-UART7-false-HAL-true,10-MX_UART8_Init-UART8-false-HAL-true,11-MX_RTC_Init-RTC-false-HAL-true,12-MX_SAI1_Init-SAI1-false-HAL-true,13-MX_SPI1_Init-SPI1-false-HAL-true,14-MX_SPI2_Init-SPI2-false-HAL-true,15-MX_SPI5_Init-SPI5-false-HAL-true,16-MX_SPI6_Init-SPI6-false-HAL-true,17-MX_TIM1_Init-TIM1-false-HAL-true,18-MX_TIM2_Init-TIM2-false-HAL-true,19-MX_TIM3_Init-TIM3-false-HAL-true,20-MX_TIM4_Init-TIM4-false-HAL-true,21-MX_TIM5_Init-TIM5-false-HAL-true,22-MX_TIM6_Init-TIM6-false-HAL-true,23-MX_TIM7_Init-TIM7-false-HAL-true,24-MX_TIM8_Init-TIM8-false-HAL-true,25-MX_TIM12_Init-TIM12-false-HAL-true,26-MX_TIM13_Init-TIM13-false-HAL-true,27-MX_TIM14_Init-TIM14-false-HAL-true,28-MX_TIM15_Init-TIM15-false-HAL-true,29-MX_TIM16_Init-TIM16-false-HAL-true,30-MX_TIM17_Init-TIM17-false-HAL-true,0-MX_CORTEX_M7_Init-CORTEX_M7-false-HAL-true
SH.S_TIM5_CH2.0=TIM5_CH2,Encoder_Interface
NVIC.TIM1_UP_IRQn=true\:0\:0\:false\:false\:true\:true\:true
RCC.PLL2FRACN=3072
RCC.VCO2OutputFreq_Value=150000000
PC13.GPIO_Label=CDET
PG11.Signal=SPI1_SCK
PJ5.GPIO_Label=SEGF
ProjectManager.StackSize=0x400
SH.S_TIM15_CH2.0=TIM15_CH2,Input_Capture2_from_TI2
RCC.VCOInput3Freq_Value=500000
Dma.SAI1_A.1.RequestNumber=1
SAI1.Instance-SAI_A_AsyncSlave=SAI$Index_Block_A
VP_TIM7_VS_ClockSourceINT.Mode=Enable_Timer
PJ6.Locked=true
PD13.Signal=S_TIM4_CH2
Mcu.IP4=I2C2
PJ6.Signal=GPIO_Output
Mcu.IP5=I2C3
Mcu.IP2=DMA
Mcu.IP3=HRTIM
Mcu.IP0=CORTEX_M7
Mcu.IP1=DEBUG
TIM1.Prescaler=600-1
PJ2.Signal=GPIO_Output
Mcu.UserConstants=
SAI1.VirtualMode-SAI_B_SyncSlave=VM_SLAVE
RCC.DIVP3Freq_Value=32250000
RCC.SDMMCFreq_Value=480000000
SAI1.VirtualSlotActive-SAI_A_AsyncSlave=SAI_SLOTACTIVE_ALL
Mcu.ThirdPartyNb=0
UART4.BaudRate=115200
RCC.HCLKFreq_Value=240000000
Mcu.IPNb=33
ProjectManager.PreviousToolchain=
RCC.SPDIFRXFreq_Value=480000000
SPI6.IPParameters=VirtualType,Mode,Direction,CalculateBaudRate
PA1_C.Locked=true
Mcu.Pin6=PD4
Mcu.Pin7=PA15 (JTDI)
Mcu.Pin8=PI1
Mcu.Pin9=PI0
PI13.Signal=GPIO_Output
PJ2.Locked=true
SPI2.BaudRatePrescaler=SPI_BAUDRATEPRESCALER_32
Mcu.Pin0=PI6
Mcu.Pin1=PI5
TIM3.Channel-PWM\ Generation1\ CH1=TIM_CHANNEL_1
GPIO.groupedBy=Group By Peripherals
Mcu.Pin2=PI4
RCC.HRTIMFreq_Value=240000000
Mcu.Pin3=PK5
PK3.Locked=true
Mcu.Pin4=PG10
Mcu.Pin5=PG9
Dma.SAI1_B.0.SyncRequestNumber=1
I2C3.IPParameters=Timing
PH1-OSC_OUT\ (PH1).Mode=HSE-External-Oscillator
RCC.DIVR3Freq_Value=32250000
RCC.HSE_VALUE=16000000
NVIC.DebugMonitor_IRQn=true\:0\:0\:false\:false\:true\:false\:false
Mcu.IP10=SAI1
NVIC.SysTick_IRQn=true\:0\:0\:false\:false\:true\:false\:true
Mcu.IP12=SPI2
Mcu.IP11=SPI1
PI8.Signal=GPIO_Output
Mcu.IP18=TIM3
Mcu.IP17=TIM2
Mcu.IP19=TIM4
VP_TIM7_VS_ClockSourceINT.Signal=TIM7_VS_ClockSourceINT
RCC.DIVP1Freq_Value=480000000
Mcu.IP14=SPI6
Mcu.IP13=SPI5
Mcu.IP16=TIM1
Mcu.IP15=SYS
PI4.Locked=true
PI5.Signal=S_TIM8_CH1
PI0.Signal=SPI2_NSS
PJ7.GPIO_Label=SEGDP
File.Version=6
PC13.GPIO_PuPd=GPIO_PULLUP
PJ12.GPIO_Label=BTN1
SH.S_TIM2_CH1.ConfNb=1
Mcu.IP21=TIM6
Mcu.IP20=TIM5
Mcu.IP23=TIM8
PG13.Mode=Full_Duplex_Master
Mcu.IP22=TIM7
PE4.Mode=SAI_A_AsyncSlave
SH.S_TIM3_CH1.0=TIM3_CH1,PWM Generation1 CH1
Mcu.IP29=TIM17
Mcu.IP28=TIM16
PE4.Signal=SAI1_FS_A
Mcu.IP25=TIM13
Dma.RequestsNb=2
Mcu.IP24=TIM12
Mcu.IP27=TIM15
Mcu.IP26=TIM14
ProjectManager.ProjectName=example_WM8731
PH7.Mode=I2C
RCC.APB3Freq_Value=120000000
SAI1.VirtualSlotActive-SAI_B_SyncSlave=SAI_SLOTACTIVE_ALL
PJ13.Locked=true
PA6.Signal=S_TIM3_CH1
Mcu.IP32=UART8
Mcu.IP31=UART7
RCC.D1PPRE=RCC_APB3_DIV2
PJ12.Signal=GPIO_Output
SAI1.DataSize-SAI_A_AsyncSlave=SAI_DATASIZE_16
Mcu.IP30=UART4
ProjectManager.ToolChainLocation=
PF8.Signal=SPI5_MISO
VP_TIM13_VS_ClockSourceINT.Signal=TIM13_VS_ClockSourceINT
PJ1.Signal=GPIO_Output
RCC.DIVR1Freq_Value=480000000
PI1.Mode=Full_Duplex_Master
Mcu.Pin95=VP_TIM6_VS_ClockSourceINT
Mcu.Pin96=VP_TIM7_VS_ClockSourceINT
Mcu.Pin93=VP_SYS_VS_Systick
Dma.SAI1_B.0.Mode=DMA_CIRCULAR
PH7.Signal=I2C3_SCL
Mcu.Pin94=VP_TIM1_VS_ClockSourceINT
I2C3.Timing=0x307075B1
Mcu.Pin99=VP_TIM16_VS_ClockSourceINT
SAI1.SlotActive-SAI_A_AsyncSlave=0x0000FFFF
PJ3.GPIO_Label=SEGD
Mcu.Pin97=VP_TIM13_VS_ClockSourceINT
Mcu.Pin98=VP_TIM14_VS_ClockSourceINT
Dma.Request1=SAI1_A
SH.S_TIM5_CH1.0=TIM5_CH1,Encoder_Interface
Mcu.Pin91=PH7
Dma.SAI1_B.0.Instance=DMA1_Stream0
Mcu.Pin92=VP_RTC_VS_RTC_Activate
NVIC.DMA1_Stream0_IRQn=true\:0\:0\:false\:false\:true\:false\:true
SPI2.Direction=SPI_DIRECTION_2LINES
Mcu.Pin90=PJ4
Dma.SAI1_A.1.SyncPolarity=HAL_DMAMUX_SYNC_NO_EVENT
Dma.SAI1_A.1.SyncEnable=DISABLE
Dma.Request0=SAI1_B
SPI1.BaudRatePrescaler=SPI_BAUDRATEPRESCALER_32
Dma.SAI1_B.0.RequestParameters=Instance,Direction,PeriphInc,MemInc,PeriphDataAlignment,MemDataAlignment,Mode,Priority,FIFOMode,SignalID,Polarity,RequestNumber,SyncSignalID,SyncPolarity,SyncEnable,EventEnable,SyncRequestNumber
PE3.Mode=SAI_B_SyncSlave
RCC.Tim2OutputFreq_Value=240000000
Mcu.Pin84=PA1_C
Mcu.Pin85=PJ2
RCC.DFSDMACLkFreq_Value=480000000
Mcu.Pin82=PD13
Mcu.Pin83=PA0_C
PA3.Signal=S_TIM2_CH4
Mcu.Pin88=PA3
Mcu.Pin89=PJ3
Mcu.Pin86=PH6
Mcu.Pin87=PH8
VP_RTC_VS_RTC_Activate.Signal=RTC_VS_RTC_Activate
RCC.PLLSourceVirtual=RCC_PLLSOURCE_HSE
PK6.Signal=GPIO_Output
PK6.Locked=true
Dma.SAI1_B.0.MemDataAlignment=DMA_MDATAALIGN_HALFWORD
PK4.Locked=true
TIM2.Channel-PWM\ Generation4\ CH4=TIM_CHANNEL_4
PH15.Locked=true
PK2.Signal=GPIO_Output
SH.S_TIM2_CH1.0=TIM2_CH1,Input_Capture1_from_TI1
CORTEX_M7.CPU_ICache=Disabled
PG7.Signal=HRTIM_CHE2
PA13\ (JTMS/SWDIO).Mode=JTAG_5_pins
UART4.IPParameters=BaudRate
PA0_C.Signal=ADCx_INN1
PJ8.Mode=Asynchronous
PH11.Signal=S_TIM5_CH2
VP_TIM14_VS_ClockSourceINT.Signal=TIM14_VS_ClockSourceINT
ProjectManager.NoMain=false
SPI1.IPParameters=VirtualType,Mode,Direction,CalculateBaudRate,VirtualNSS,BaudRatePrescaler
PG3.Signal=GPIO_Output
PI14.Signal=GPIO_Output
RCC.SAI4BFreq_Value=480000000
PG10.Mode=NSS_Signal_Hard_Output
VP_TIM6_VS_ClockSourceINT.Mode=Enable_Timer
TIM15.Channel-Input_Capture2_from_TI2=TIM_CHANNEL_2
RCC.D2PPRE2=RCC_APB2_DIV2
RCC.D2PPRE1=RCC_APB1_DIV2
ProjectManager.DefaultFWLocation=true
PI10.Signal=GPIO_Output
NVIC.DMA1_Stream1_IRQn=true\:0\:0\:false\:false\:true\:false\:true
ProjectManager.DeletePrevious=true
SPI5.Mode=SPI_MODE_MASTER
PinOutPanel.CurrentBGAView=Top
RCC.FamilyName=M
PH1-OSC_OUT\ (PH1).Signal=RCC_OSC_OUT
SH.ADCx_INP1.1=ADC1_INP1
SH.ADCx_INP1.0=ADC2_INP1
PC14-OSC32_IN\ (OSC32_IN).Locked=true
RCC.SPI6Freq_Value=120000000
PF7.Mode=Asynchronous
CORTEX_M7.MPU_Control=__NULL
PJ5.Locked=true
RCC.SPI45Freq_Value=120000000
PH4.Signal=I2C2_SCL
PF6.Signal=UART7_RX
PB3\ (JTDO/TRACESWO).Signal=DEBUG_JTDO-SWO
ProjectManager.TargetToolchain=Makefile
PC15-OSC32_OUT\ (OSC32_OUT).Signal=RCC_OSC32_OUT
RCC.VCO1OutputFreq_Value=960000000
PH8.Signal=I2C3_SDA
SH.S_TIM4_CH3.0=TIM4_CH3,Input_Capture3_from_TI3
PI0.Mode=NSS_Signal_Hard_Output
PB9.Mode=Asynchronous
Dma.SAI1_B.0.Direction=DMA_MEMORY_TO_PERIPH
RCC.AXIClockFreq_Value=240000000
SPI2.IPParameters=VirtualType,Mode,Direction,CalculateBaudRate,VirtualNSS,BaudRatePrescaler
ProjectManager.RegisterCallBack=
RCC.USBFreq_Value=48000000
SH.S_TIM14_CH1.ConfNb=1
PG7.Mode=Output_TE1TE2
TIM15.IPParameters=Channel-Input_Capture2_from_TI2
PD3.Locked=true
PK0.Signal=SPI5_SCK
RCC.CKPERFreq_Value=64000000
SAI1.AudioMode-SAI_B_SyncSlave=SAI_MODESLAVE_TX
SH.S_TIM4_CH3.ConfNb=1
Dma.SAI1_B.0.SyncEnable=DISABLE
PG14.Signal=SPI6_MOSI
PH1-OSC_OUT\ (PH1).Locked=true
board=custom
PG12.Mode=Full_Duplex_Master
SAI1.IPParameters=Instance-SAI_A_AsyncSlave,VirtualMode-SAI_A_AsyncSlave,Instance-SAI_B_SyncSlave,VirtualMode-SAI_B_SyncSlave,FrameLength-SAI_B_SyncSlave,FrameLength-SAI_A_AsyncSlave,DataSize-SAI_A_AsyncSlave,SlotNumber-SAI_A_AsyncSlave,VirtualSlotActive-SAI_A_AsyncSlave,SlotActive-SAI_A_AsyncSlave,DataSize-SAI_B_SyncSlave,SlotNumber-SAI_B_SyncSlave,VirtualSlotActive-SAI_B_SyncSlave,SlotActive-SAI_B_SyncSlave,ClockStrobing-SAI_B_SyncSlave,AudioMode-SAI_B_SyncSlave,AudioMode-SAI_A_AsyncSlave,ClockStrobing-SAI_A_AsyncSlave,FSPolarity-SAI_A_AsyncSlave,FSPolarity-SAI_B_SyncSlave,TriState-SAI_A_AsyncSlave,TriState-SAI_B_SyncSlave,FSOffset-SAI_A_AsyncSlave,FSOffset-SAI_B_SyncSlave
RCC.VCOInput1Freq_Value=16000000
PI8.Locked=true
RCC.APB2Freq_Value=120000000
MxCube.Version=6.0.1
SH.S_TIM2_CH3.0=TIM2_CH3,Input_Capture3_from_TI3
PC13.GPIOParameters=GPIO_PuPd,GPIO_Label
RCC.FDCANFreq_Value=75000000
PJ4.GPIOParameters=GPIO_Label
PI4.Signal=GPIO_Output
PE5.Mode=SAI_A_AsyncSlave
RCC.ADCFreq_Value=150000000
VP_SYS_VS_Systick.Mode=SysTick
SPI6.Direction=SPI_DIRECTION_2LINES
Dma.SAI1_B.0.SyncSignalID=NONE
SAI1.ClockStrobing-SAI_A_AsyncSlave=SAI_CLOCKSTROBING_FALLINGEDGE
PE6.Signal=S_TIM15_CH2
RCC.IPParameters=ADCFreq_Value,AHB12Freq_Value,AHB4Freq_Value,APB1Freq_Value,APB2Freq_Value,APB3Freq_Value,APB4Freq_Value,AXIClockFreq_Value,CECFreq_Value,CKPERFreq_Value,CortexFreq_Value,CpuClockFreq_Value,D1CPREFreq_Value,D1PPRE,D2PPRE1,D2PPRE2,D3PPRE,DFSDMACLkFreq_Value,DFSDMFreq_Value,DIVM1,DIVM2,DIVN1,DIVN2,DIVP1Freq_Value,DIVP2,DIVP2Freq_Value,DIVP3Freq_Value,DIVQ1Freq_Value,DIVQ2Freq_Value,DIVQ3Freq_Value,DIVR1Freq_Value,DIVR2Freq_Value,DIVR3Freq_Value,FDCANCLockSelection,FDCANFreq_Value,FMCFreq_Value,FamilyName,HCLK3ClockFreq_Value,HCLKFreq_Value,HPRE,HRTIMFreq_Value,HSE_VALUE,I2C123Freq_Value,I2C4Freq_Value,LPTIM1Freq_Value,LPTIM2Freq_Value,LPTIM345Freq_Value,LPUART1Freq_Value,LTDCFreq_Value,MCO1PinFreq_Value,MCO2PinFreq_Value,PLL2FRACN,PLLFRACN,PLLSourceVirtual,QSPIFreq_Value,RNGFreq_Value,RTCFreq_Value,SAI1Freq_Value,SAI23Freq_Value,SAI4AFreq_Value,SAI4BFreq_Value,SDMMCFreq_Value,SPDIFRXFreq_Value,SPI123Freq_Value,SPI45Freq_Value,SPI6Freq_Value,SWPMI1Freq_Value,SYSCLKFreq_VALUE,SYSCLKSource,Tim1OutputFreq_Value,Tim2OutputFreq_Value,TraceFreq_Value,USART16Freq_Value,USART234578Freq_Value,USBCLockSelection,USBFreq_Value,VCO1OutputFreq_Value,VCO2OutputFreq_Value,VCO3OutputFreq_Value,VCOInput1Freq_Value,VCOInput2Freq_Value,VCOInput3Freq_Value
PJ0.Signal=GPIO_Output
ProjectManager.AskForMigrate=true
Mcu.Name=STM32H743XIHx
PE0.Signal=UART8_RX
Mcu.IP8=RCC
Mcu.IP9=RTC
Mcu.IP6=I2C4
Mcu.IP7=NVIC
ProjectManager.CoupleFile=true
RCC.SYSCLKFreq_VALUE=480000000
RCC.I2C123Freq_Value=120000000
KeepUserPlacement=false
PC14-OSC32_IN\ (OSC32_IN).Signal=RCC_OSC32_IN
PB2.Mode=SAI_A_AsyncSlave
PJ5.Signal=GPIO_Output
SAI1.Instance-SAI_B_SyncSlave=SAI$Index_Block_B
PJ4.Locked=true
SH.S_TIM2_CH4.0=TIM2_CH4,PWM Generation4 CH4
RCC.SAI4AFreq_Value=480000000
SAI1.FSOffset-SAI_B_SyncSlave=SAI_FS_FIRSTBIT
PI15.Signal=GPIO_Output
Dma.SAI1_A.1.PeriphDataAlignment=DMA_PDATAALIGN_HALFWORD
RCC.DIVQ1Freq_Value=480000000
PB8.Signal=S_TIM4_CH3
RCC.D3PPRE=RCC_APB4_DIV2
PI14.Locked=true
PH5.Mode=I2C
CORTEX_M7.CPU_DCache=Disabled
PC7.Mode=Output_TA1TA2
RCC.VCOInput2Freq_Value=16000000
RCC.APB1Freq_Value=120000000
PJ2.GPIO_Label=SEGC
SAI1.TriState-SAI_B_SyncSlave=SAI_OUTPUT_NOTRELEASED
Dma.SAI1_B.0.RequestNumber=1
ProjectManager.DeviceId=STM32H743XIHx
SH.S_TIM8_CH2.ConfNb=1
PE0.Mode=Asynchronous
ProjectManager.LibraryCopy=1
SH.S_TIM5_CH1.ConfNb=1
I2C4.IPParameters=Timing
PJ13.Signal=GPIO_Output
SPI5.Direction=SPI_DIRECTION_2LINES
PJ12.Locked=true
SH.ADCx_INN1.ConfNb=2
PB4\ (NJTRST).Signal=DEBUG_JTRST
